
Microsoft Visual Studio Solution File, Format Version 12.00
# Visual Studio 15
VisualStudioVersion = 15.0.28307.645
MinimumVisualStudioVersion = 10.0.40219.1
Project("{9A19103F-16F7-4668-BE54-9A1E7A4F7556}") = "SalesPoint", "SalesPoint\SalesPoint.csproj", "{6883374E-D4E9-4073-B41F-BC78213FB5B8}"
EndProject
Project("{9A19103F-16F7-4668-BE54-9A1E7A4F7556}") = "SalesPoint.Data", "SalesPoint.Data\SalesPoint.Data.csproj", "{F94CC3D8-B776-4D94-A03F-7FD49F364CB0}"
EndProject
Global
	GlobalSection(SolutionConfigurationPlatforms) = preSolution
		Debug|Any CPU = Debug|Any CPU
		Release|Any CPU = Release|Any CPU
	EndGlobalSection
	GlobalSection(ProjectConfigurationPlatforms) = postSolution
		{6883374E-D4E9-4073-B41F-BC78213FB5B8}.Debug|Any CPU.ActiveCfg = Debug|Any CPU
		{6883374E-D4E9-4073-B41F-BC78213FB5B8}.Debug|Any CPU.Build.0 = Debug|Any CPU
		{6883374E-D4E9-4073-B41F-BC78213FB5B8}.Release|Any CPU.ActiveCfg = Release|Any CPU
		{6883374E-D4E9-4073-B41F-BC78213FB5B8}.Release|Any CPU.Build.0 = Release|Any CPU
		{F94CC3D8-B776-4D94-A03F-7FD49F364CB0}.Debug|Any CPU.ActiveCfg = Debug|Any CPU
		{F94CC3D8-B776-4D94-A03F-7FD49F364CB0}.Debug|Any CPU.Build.0 = Debug|Any CPU
		{F94CC3D8-B776-4D94-A03F-7FD49F364CB0}.Release|Any CPU.ActiveCfg = Release|Any CPU
		{F94CC3D8-B776-4D94-A03F-7FD49F364CB0}.Release|Any CPU.Build.0 = Release|Any CPU
	EndGlobalSection
	GlobalSection(SolutionProperties) = preSolution
		HideSolutionNode = FALSE
	EndGlobalSection
	GlobalSection(ExtensibilityGlobals) = postSolution
		SolutionGuid = {7221E06D-D87D-49AC-AB44-A7B75BA44FC5}
	EndGlobalSection
EndGlobal
